// !$*UTF8*$!
{
	archiveVersion = 1;
	classes = {
	};
	objectVersion = 56;
	objects = {

/* Begin PBXBuildFile section */
		F4191CEA2A87B1B3003D2DE5 /* Environment.swift in Sources */ = {isa = PBXBuildFile; fileRef = F4191CE92A87B1B3003D2DE5 /* Environment.swift */; };
		F4191CEC2A87B2AD003D2DE5 /* DEBUG-Keys.plist in Resources */ = {isa = PBXBuildFile; fileRef = F4191CEB2A87B2AD003D2DE5 /* DEBUG-Keys.plist */; };
		F4191CEE2A87B2BA003D2DE5 /* PROD-Keys.plist in Resources */ = {isa = PBXBuildFile; fileRef = F4191CED2A87B2BA003D2DE5 /* PROD-Keys.plist */; };
		F42513782A7EA56F007ABE71 /* ProfileView.swift in Sources */ = {isa = PBXBuildFile; fileRef = F42513772A7EA56F007ABE71 /* ProfileView.swift */; };
		F42684F62A811FB2000F4073 /* FavoriteEmptyView.swift in Sources */ = {isa = PBXBuildFile; fileRef = F42684F52A811FB2000F4073 /* FavoriteEmptyView.swift */; };
		F42684F82A8158BC000F4073 /* RecipeObserver.swift in Sources */ = {isa = PBXBuildFile; fileRef = F42684F72A8158BC000F4073 /* RecipeObserver.swift */; };
		F44A1A1A2A7FB1DE00795670 /* RecipeAPI.swift in Sources */ = {isa = PBXBuildFile; fileRef = F44A1A192A7FB1DE00795670 /* RecipeAPI.swift */; };
		F44A1A1C2A7FD49700795670 /* LoadingView.swift in Sources */ = {isa = PBXBuildFile; fileRef = F44A1A1B2A7FD49700795670 /* LoadingView.swift */; };
		F44A1A1E2A7FD7F300795670 /* FavoriteRecipes+Data.swift in Sources */ = {isa = PBXBuildFile; fileRef = F44A1A1D2A7FD7F300795670 /* FavoriteRecipes+Data.swift */; };
		F457D53D2A7E7F9600FE2C88 /* AnimationRecipeApp.swift in Sources */ = {isa = PBXBuildFile; fileRef = F457D53C2A7E7F9600FE2C88 /* AnimationRecipeApp.swift */; };
		F457D53F2A7E7F9600FE2C88 /* ContentView.swift in Sources */ = {isa = PBXBuildFile; fileRef = F457D53E2A7E7F9600FE2C88 /* ContentView.swift */; };
		F457D5412A7E7F9800FE2C88 /* Assets.xcassets in Resources */ = {isa = PBXBuildFile; fileRef = F457D5402A7E7F9800FE2C88 /* Assets.xcassets */; };
		F457D5442A7E7F9800FE2C88 /* Preview Assets.xcassets in Resources */ = {isa = PBXBuildFile; fileRef = F457D5432A7E7F9800FE2C88 /* Preview Assets.xcassets */; };
		F457D54E2A7E7F9800FE2C88 /* AnimationRecipeAppTests.swift in Sources */ = {isa = PBXBuildFile; fileRef = F457D54D2A7E7F9800FE2C88 /* AnimationRecipeAppTests.swift */; };
		F457D5582A7E7F9800FE2C88 /* AnimationRecipeAppUITests.swift in Sources */ = {isa = PBXBuildFile; fileRef = F457D5572A7E7F9800FE2C88 /* AnimationRecipeAppUITests.swift */; };
		F457D55A2A7E7F9800FE2C88 /* AnimationRecipeAppUITestsLaunchTests.swift in Sources */ = {isa = PBXBuildFile; fileRef = F457D5592A7E7F9800FE2C88 /* AnimationRecipeAppUITestsLaunchTests.swift */; };
		F457D57A2A7E7FAF00FE2C88 /* Styles.swift in Sources */ = {isa = PBXBuildFile; fileRef = F457D5682A7E7FAF00FE2C88 /* Styles.swift */; };
		F457D57B2A7E7FAF00FE2C88 /* Animations.swift in Sources */ = {isa = PBXBuildFile; fileRef = F457D5692A7E7FAF00FE2C88 /* Animations.swift */; };
		F457D57C2A7E7FAF00FE2C88 /* AnimatableFontModifier.swift in Sources */ = {isa = PBXBuildFile; fileRef = F457D56A2A7E7FAF00FE2C88 /* AnimatableFontModifier.swift */; };
		F457D57D2A7E7FAF00FE2C88 /* RecipeItem.swift in Sources */ = {isa = PBXBuildFile; fileRef = F457D56C2A7E7FAF00FE2C88 /* RecipeItem.swift */; };
		F457D57E2A7E7FAF00FE2C88 /* Recipe.swift in Sources */ = {isa = PBXBuildFile; fileRef = F457D56E2A7E7FAF00FE2C88 /* Recipe.swift */; };
		F457D57F2A7E7FAF00FE2C88 /* ModelObserver.swift in Sources */ = {isa = PBXBuildFile; fileRef = F457D56F2A7E7FAF00FE2C88 /* ModelObserver.swift */; };
		F457D5802A7E7FAF00FE2C88 /* PreferenceKeys.swift in Sources */ = {isa = PBXBuildFile; fileRef = F457D5702A7E7FAF00FE2C88 /* PreferenceKeys.swift */; };
		F457D5812A7E7FAF00FE2C88 /* Tab.swift in Sources */ = {isa = PBXBuildFile; fileRef = F457D5712A7E7FAF00FE2C88 /* Tab.swift */; };
		F457D5822A7E7FAF00FE2C88 /* TabBar.swift in Sources */ = {isa = PBXBuildFile; fileRef = F457D5732A7E7FAF00FE2C88 /* TabBar.swift */; };
		F457D5832A7E7FAF00FE2C88 /* NavigationBar.swift in Sources */ = {isa = PBXBuildFile; fileRef = F457D5742A7E7FAF00FE2C88 /* NavigationBar.swift */; };
		F457D5842A7E7FAF00FE2C88 /* HomeView.swift in Sources */ = {isa = PBXBuildFile; fileRef = F457D5762A7E7FAF00FE2C88 /* HomeView.swift */; };
		F457D5862A7E7FAF00FE2C88 /* RecipeDetailsView.swift in Sources */ = {isa = PBXBuildFile; fileRef = F457D5782A7E7FAF00FE2C88 /* RecipeDetailsView.swift */; };
		F457D5892A7E802E00FE2C88 /* Alamofire in Frameworks */ = {isa = PBXBuildFile; productRef = F457D5882A7E802E00FE2C88 /* Alamofire */; };
		F461C7A42A83945A00267E9A /* CachedAsyncImage in Frameworks */ = {isa = PBXBuildFile; productRef = F461C7A32A83945A00267E9A /* CachedAsyncImage */; };
		F461C7A72A8394B200267E9A /* URLCache+Extension.swift in Sources */ = {isa = PBXBuildFile; fileRef = F461C7A62A8394B200267E9A /* URLCache+Extension.swift */; };
		F461C7AB2A839F4900267E9A /* LoginView.swift in Sources */ = {isa = PBXBuildFile; fileRef = F461C7AA2A839F4900267E9A /* LoginView.swift */; };
		F461C7AD2A83A00400267E9A /* View+Extension.swift in Sources */ = {isa = PBXBuildFile; fileRef = F461C7AC2A83A00400267E9A /* View+Extension.swift */; };
		F461C7AF2A83A2F800267E9A /* InputTF.swift in Sources */ = {isa = PBXBuildFile; fileRef = F461C7AE2A83A2F800267E9A /* InputTF.swift */; };
		F461C7B12A83A81800267E9A /* GradientButton.swift in Sources */ = {isa = PBXBuildFile; fileRef = F461C7B02A83A81800267E9A /* GradientButton.swift */; };
		F461C7B32A83B3D500267E9A /* LoggedInView.swift in Sources */ = {isa = PBXBuildFile; fileRef = F461C7B22A83B3D500267E9A /* LoggedInView.swift */; };
		F461C7B52A83BC2300267E9A /* SignUpView.swift in Sources */ = {isa = PBXBuildFile; fileRef = F461C7B42A83BC2300267E9A /* SignUpView.swift */; };
		F461C7B72A83BF5000267E9A /* ForgotPasswordView.swift in Sources */ = {isa = PBXBuildFile; fileRef = F461C7B62A83BF5000267E9A /* ForgotPasswordView.swift */; };
		F461C7B92A83C3D700267E9A /* PasswordResetView.swift in Sources */ = {isa = PBXBuildFile; fileRef = F461C7B82A83C3D700267E9A /* PasswordResetView.swift */; };
		F461C7BB2A83C54B00267E9A /* OTPConfirmationView.swift in Sources */ = {isa = PBXBuildFile; fileRef = F461C7BA2A83C54B00267E9A /* OTPConfirmationView.swift */; };
		F461C7BD2A83C67300267E9A /* OTPVerificationTF.swift in Sources */ = {isa = PBXBuildFile; fileRef = F461C7BC2A83C67300267E9A /* OTPVerificationTF.swift */; };
		F461C7BF2A83CD4B00267E9A /* Binding+Extension.swift in Sources */ = {isa = PBXBuildFile; fileRef = F461C7BE2A83CD4B00267E9A /* Binding+Extension.swift */; };
		F475CC8E2A854D540021088A /* RecipeEmptyList.swift in Sources */ = {isa = PBXBuildFile; fileRef = F475CC8D2A854D540021088A /* RecipeEmptyList.swift */; };
		F47FBF9F2A87BC9700C650F2 /* User.swift in Sources */ = {isa = PBXBuildFile; fileRef = F47FBF9E2A87BC9700C650F2 /* User.swift */; };
		F47FBFA12A87BDB800C650F2 /* ProfileEditView.swift in Sources */ = {isa = PBXBuildFile; fileRef = F47FBFA02A87BDB800C650F2 /* ProfileEditView.swift */; };
		F47FBFA32A8803A300C650F2 /* ProfileImage.swift in Sources */ = {isa = PBXBuildFile; fileRef = F47FBFA22A8803A300C650F2 /* ProfileImage.swift */; };
		F47FBFA92A8A5D6E00C650F2 /* UserObserver.swift in Sources */ = {isa = PBXBuildFile; fileRef = F47FBFA82A8A5D6E00C650F2 /* UserObserver.swift */; };
		F47FBFAB2A8A602300C650F2 /* String+Extension.swift in Sources */ = {isa = PBXBuildFile; fileRef = F47FBFAA2A8A602300C650F2 /* String+Extension.swift */; };
		F4CFD5012A8CC8F100040C03 /* TagsView.swift in Sources */ = {isa = PBXBuildFile; fileRef = F4CFD5002A8CC8F100040C03 /* TagsView.swift */; };
		F4CFD5042A8CD92800040C03 /* TagLayout.swift in Sources */ = {isa = PBXBuildFile; fileRef = F4CFD5032A8CD92800040C03 /* TagLayout.swift */; };
		F4CFD5062A8CFFA600040C03 /* TagView.swift in Sources */ = {isa = PBXBuildFile; fileRef = F4CFD5052A8CFFA600040C03 /* TagView.swift */; };
		F4CFD5082A8E558000040C03 /* Particle.swift in Sources */ = {isa = PBXBuildFile; fileRef = F4CFD5072A8E558000040C03 /* Particle.swift */; };
/* End PBXBuildFile section */

/* Begin PBXContainerItemProxy section */
		F457D54A2A7E7F9800FE2C88 /* PBXContainerItemProxy */ = {
			isa = PBXContainerItemProxy;
			containerPortal = F457D5312A7E7F9600FE2C88 /* Project object */;
			proxyType = 1;
			remoteGlobalIDString = F457D5382A7E7F9600FE2C88;
			remoteInfo = AnimationRecipeApp;
		};
		F457D5542A7E7F9800FE2C88 /* PBXContainerItemProxy */ = {
			isa = PBXContainerItemProxy;
			containerPortal = F457D5312A7E7F9600FE2C88 /* Project object */;
			proxyType = 1;
			remoteGlobalIDString = F457D5382A7E7F9600FE2C88;
			remoteInfo = AnimationRecipeApp;
		};
/* End PBXContainerItemProxy section */

/* Begin PBXFileReference section */
		F4191CE92A87B1B3003D2DE5 /* Environment.swift */ = {isa = PBXFileReference; lastKnownFileType = sourcecode.swift; path = Environment.swift; sourceTree = "<group>"; };
		F4191CEB2A87B2AD003D2DE5 /* DEBUG-Keys.plist */ = {isa = PBXFileReference; lastKnownFileType = text.plist.xml; path = "DEBUG-Keys.plist"; sourceTree = "<group>"; };
		F4191CED2A87B2BA003D2DE5 /* PROD-Keys.plist */ = {isa = PBXFileReference; lastKnownFileType = text.plist.xml; path = "PROD-Keys.plist"; sourceTree = "<group>"; };
		F42513772A7EA56F007ABE71 /* ProfileView.swift */ = {isa = PBXFileReference; lastKnownFileType = sourcecode.swift; path = ProfileView.swift; sourceTree = "<group>"; };
		F42684F52A811FB2000F4073 /* FavoriteEmptyView.swift */ = {isa = PBXFileReference; lastKnownFileType = sourcecode.swift; path = FavoriteEmptyView.swift; sourceTree = "<group>"; };
		F42684F72A8158BC000F4073 /* RecipeObserver.swift */ = {isa = PBXFileReference; lastKnownFileType = sourcecode.swift; path = RecipeObserver.swift; sourceTree = "<group>"; };
		F44A1A192A7FB1DE00795670 /* RecipeAPI.swift */ = {isa = PBXFileReference; lastKnownFileType = sourcecode.swift; path = RecipeAPI.swift; sourceTree = "<group>"; };
		F44A1A1B2A7FD49700795670 /* LoadingView.swift */ = {isa = PBXFileReference; lastKnownFileType = sourcecode.swift; path = LoadingView.swift; sourceTree = "<group>"; };
		F44A1A1D2A7FD7F300795670 /* FavoriteRecipes+Data.swift */ = {isa = PBXFileReference; lastKnownFileType = sourcecode.swift; path = "FavoriteRecipes+Data.swift"; sourceTree = "<group>"; };
		F457D5392A7E7F9600FE2C88 /* AnimationRecipeApp.app */ = {isa = PBXFileReference; explicitFileType = wrapper.application; includeInIndex = 0; path = AnimationRecipeApp.app; sourceTree = BUILT_PRODUCTS_DIR; };
		F457D53C2A7E7F9600FE2C88 /* AnimationRecipeApp.swift */ = {isa = PBXFileReference; lastKnownFileType = sourcecode.swift; path = AnimationRecipeApp.swift; sourceTree = "<group>"; };
		F457D53E2A7E7F9600FE2C88 /* ContentView.swift */ = {isa = PBXFileReference; lastKnownFileType = sourcecode.swift; path = ContentView.swift; sourceTree = "<group>"; };
		F457D5402A7E7F9800FE2C88 /* Assets.xcassets */ = {isa = PBXFileReference; lastKnownFileType = folder.assetcatalog; path = Assets.xcassets; sourceTree = "<group>"; };
		F457D5432A7E7F9800FE2C88 /* Preview Assets.xcassets */ = {isa = PBXFileReference; lastKnownFileType = folder.assetcatalog; path = "Preview Assets.xcassets"; sourceTree = "<group>"; };
		F457D5492A7E7F9800FE2C88 /* AnimationRecipeAppTests.xctest */ = {isa = PBXFileReference; explicitFileType = wrapper.cfbundle; includeInIndex = 0; path = AnimationRecipeAppTests.xctest; sourceTree = BUILT_PRODUCTS_DIR; };
		F457D54D2A7E7F9800FE2C88 /* AnimationRecipeAppTests.swift */ = {isa = PBXFileReference; lastKnownFileType = sourcecode.swift; path = AnimationRecipeAppTests.swift; sourceTree = "<group>"; };
		F457D5532A7E7F9800FE2C88 /* AnimationRecipeAppUITests.xctest */ = {isa = PBXFileReference; explicitFileType = wrapper.cfbundle; includeInIndex = 0; path = AnimationRecipeAppUITests.xctest; sourceTree = BUILT_PRODUCTS_DIR; };
		F457D5572A7E7F9800FE2C88 /* AnimationRecipeAppUITests.swift */ = {isa = PBXFileReference; lastKnownFileType = sourcecode.swift; path = AnimationRecipeAppUITests.swift; sourceTree = "<group>"; };
		F457D5592A7E7F9800FE2C88 /* AnimationRecipeAppUITestsLaunchTests.swift */ = {isa = PBXFileReference; lastKnownFileType = sourcecode.swift; path = AnimationRecipeAppUITestsLaunchTests.swift; sourceTree = "<group>"; };
		F457D5682A7E7FAF00FE2C88 /* Styles.swift */ = {isa = PBXFileReference; fileEncoding = 4; lastKnownFileType = sourcecode.swift; path = Styles.swift; sourceTree = "<group>"; };
		F457D5692A7E7FAF00FE2C88 /* Animations.swift */ = {isa = PBXFileReference; fileEncoding = 4; lastKnownFileType = sourcecode.swift; path = Animations.swift; sourceTree = "<group>"; };
		F457D56A2A7E7FAF00FE2C88 /* AnimatableFontModifier.swift */ = {isa = PBXFileReference; fileEncoding = 4; lastKnownFileType = sourcecode.swift; path = AnimatableFontModifier.swift; sourceTree = "<group>"; };
		F457D56C2A7E7FAF00FE2C88 /* RecipeItem.swift */ = {isa = PBXFileReference; fileEncoding = 4; lastKnownFileType = sourcecode.swift; path = RecipeItem.swift; sourceTree = "<group>"; };
		F457D56E2A7E7FAF00FE2C88 /* Recipe.swift */ = {isa = PBXFileReference; fileEncoding = 4; lastKnownFileType = sourcecode.swift; path = Recipe.swift; sourceTree = "<group>"; };
		F457D56F2A7E7FAF00FE2C88 /* ModelObserver.swift */ = {isa = PBXFileReference; fileEncoding = 4; lastKnownFileType = sourcecode.swift; path = ModelObserver.swift; sourceTree = "<group>"; };
		F457D5702A7E7FAF00FE2C88 /* PreferenceKeys.swift */ = {isa = PBXFileReference; fileEncoding = 4; lastKnownFileType = sourcecode.swift; path = PreferenceKeys.swift; sourceTree = "<group>"; };
		F457D5712A7E7FAF00FE2C88 /* Tab.swift */ = {isa = PBXFileReference; fileEncoding = 4; lastKnownFileType = sourcecode.swift; path = Tab.swift; sourceTree = "<group>"; };
		F457D5732A7E7FAF00FE2C88 /* TabBar.swift */ = {isa = PBXFileReference; fileEncoding = 4; lastKnownFileType = sourcecode.swift; path = TabBar.swift; sourceTree = "<group>"; };
		F457D5742A7E7FAF00FE2C88 /* NavigationBar.swift */ = {isa = PBXFileReference; fileEncoding = 4; lastKnownFileType = sourcecode.swift; path = NavigationBar.swift; sourceTree = "<group>"; };
		F457D5762A7E7FAF00FE2C88 /* HomeView.swift */ = {isa = PBXFileReference; fileEncoding = 4; lastKnownFileType = sourcecode.swift; path = HomeView.swift; sourceTree = "<group>"; };
		F457D5782A7E7FAF00FE2C88 /* RecipeDetailsView.swift */ = {isa = PBXFileReference; fileEncoding = 4; lastKnownFileType = sourcecode.swift; path = RecipeDetailsView.swift; sourceTree = "<group>"; };
		F461C7A62A8394B200267E9A /* URLCache+Extension.swift */ = {isa = PBXFileReference; lastKnownFileType = sourcecode.swift; path = "URLCache+Extension.swift"; sourceTree = "<group>"; };
		F461C7AA2A839F4900267E9A /* LoginView.swift */ = {isa = PBXFileReference; lastKnownFileType = sourcecode.swift; path = LoginView.swift; sourceTree = "<group>"; };
		F461C7AC2A83A00400267E9A /* View+Extension.swift */ = {isa = PBXFileReference; lastKnownFileType = sourcecode.swift; path = "View+Extension.swift"; sourceTree = "<group>"; };
		F461C7AE2A83A2F800267E9A /* InputTF.swift */ = {isa = PBXFileReference; lastKnownFileType = sourcecode.swift; path = InputTF.swift; sourceTree = "<group>"; };
		F461C7B02A83A81800267E9A /* GradientButton.swift */ = {isa = PBXFileReference; lastKnownFileType = sourcecode.swift; path = GradientButton.swift; sourceTree = "<group>"; };
		F461C7B22A83B3D500267E9A /* LoggedInView.swift */ = {isa = PBXFileReference; lastKnownFileType = sourcecode.swift; path = LoggedInView.swift; sourceTree = "<group>"; };
		F461C7B42A83BC2300267E9A /* SignUpView.swift */ = {isa = PBXFileReference; lastKnownFileType = sourcecode.swift; path = SignUpView.swift; sourceTree = "<group>"; };
		F461C7B62A83BF5000267E9A /* ForgotPasswordView.swift */ = {isa = PBXFileReference; lastKnownFileType = sourcecode.swift; path = ForgotPasswordView.swift; sourceTree = "<group>"; };
		F461C7B82A83C3D700267E9A /* PasswordResetView.swift */ = {isa = PBXFileReference; lastKnownFileType = sourcecode.swift; path = PasswordResetView.swift; sourceTree = "<group>"; };
		F461C7BA2A83C54B00267E9A /* OTPConfirmationView.swift */ = {isa = PBXFileReference; lastKnownFileType = sourcecode.swift; path = OTPConfirmationView.swift; sourceTree = "<group>"; };
		F461C7BC2A83C67300267E9A /* OTPVerificationTF.swift */ = {isa = PBXFileReference; lastKnownFileType = sourcecode.swift; path = OTPVerificationTF.swift; sourceTree = "<group>"; };
		F461C7BE2A83CD4B00267E9A /* Binding+Extension.swift */ = {isa = PBXFileReference; lastKnownFileType = sourcecode.swift; path = "Binding+Extension.swift"; sourceTree = "<group>"; };
		F475CC8D2A854D540021088A /* RecipeEmptyList.swift */ = {isa = PBXFileReference; lastKnownFileType = sourcecode.swift; path = RecipeEmptyList.swift; sourceTree = "<group>"; };
		F47FBF9E2A87BC9700C650F2 /* User.swift */ = {isa = PBXFileReference; lastKnownFileType = sourcecode.swift; path = User.swift; sourceTree = "<group>"; };
		F47FBFA02A87BDB800C650F2 /* ProfileEditView.swift */ = {isa = PBXFileReference; lastKnownFileType = sourcecode.swift; path = ProfileEditView.swift; sourceTree = "<group>"; };
		F47FBFA22A8803A300C650F2 /* ProfileImage.swift */ = {isa = PBXFileReference; lastKnownFileType = sourcecode.swift; path = ProfileImage.swift; sourceTree = "<group>"; };
		F47FBFA72A8910FE00C650F2 /* Info.plist */ = {isa = PBXFileReference; lastKnownFileType = text.plist; path = Info.plist; sourceTree = "<group>"; };
		F47FBFA82A8A5D6E00C650F2 /* UserObserver.swift */ = {isa = PBXFileReference; lastKnownFileType = sourcecode.swift; path = UserObserver.swift; sourceTree = "<group>"; };
		F47FBFAA2A8A602300C650F2 /* String+Extension.swift */ = {isa = PBXFileReference; lastKnownFileType = sourcecode.swift; path = "String+Extension.swift"; sourceTree = "<group>"; };
		F4CFD5002A8CC8F100040C03 /* TagsView.swift */ = {isa = PBXFileReference; lastKnownFileType = sourcecode.swift; path = TagsView.swift; sourceTree = "<group>"; };
		F4CFD5032A8CD92800040C03 /* TagLayout.swift */ = {isa = PBXFileReference; lastKnownFileType = sourcecode.swift; path = TagLayout.swift; sourceTree = "<group>"; };
		F4CFD5052A8CFFA600040C03 /* TagView.swift */ = {isa = PBXFileReference; lastKnownFileType = sourcecode.swift; path = TagView.swift; sourceTree = "<group>"; };
		F4CFD5072A8E558000040C03 /* Particle.swift */ = {isa = PBXFileReference; lastKnownFileType = sourcecode.swift; path = Particle.swift; sourceTree = "<group>"; };
/* End PBXFileReference section */

/* Begin PBXFrameworksBuildPhase section */
		F457D5362A7E7F9600FE2C88 /* Frameworks */ = {
			isa = PBXFrameworksBuildPhase;
			buildActionMask = 2147483647;
			files = (
				F457D5892A7E802E00FE2C88 /* Alamofire in Frameworks */,
				F461C7A42A83945A00267E9A /* CachedAsyncImage in Frameworks */,
			);
			runOnlyForDeploymentPostprocessing = 0;
		};
		F457D5462A7E7F9800FE2C88 /* Frameworks */ = {
			isa = PBXFrameworksBuildPhase;
			buildActionMask = 2147483647;
			files = (
			);
			runOnlyForDeploymentPostprocessing = 0;
		};
		F457D5502A7E7F9800FE2C88 /* Frameworks */ = {
			isa = PBXFrameworksBuildPhase;
			buildActionMask = 2147483647;
			files = (
			);
			runOnlyForDeploymentPostprocessing = 0;
		};
/* End PBXFrameworksBuildPhase section */

/* Begin PBXGroup section */
		F4191CE82A87B1A3003D2DE5 /* Environment */ = {
			isa = PBXGroup;
			children = (
				F4191CE92A87B1B3003D2DE5 /* Environment.swift */,
				F4191CEB2A87B2AD003D2DE5 /* DEBUG-Keys.plist */,
				F4191CED2A87B2BA003D2DE5 /* PROD-Keys.plist */,
			);
			path = Environment;
			sourceTree = "<group>";
		};
		F44A1A182A7FB1B400795670 /* Networking */ = {
			isa = PBXGroup;
			children = (
				F4191CE82A87B1A3003D2DE5 /* Environment */,
				F44A1A192A7FB1DE00795670 /* RecipeAPI.swift */,
			);
			path = Networking;
			sourceTree = "<group>";
		};
		F457D5302A7E7F9600FE2C88 = {
			isa = PBXGroup;
			children = (
				F457D53B2A7E7F9600FE2C88 /* AnimationRecipeApp */,
				F457D54C2A7E7F9800FE2C88 /* AnimationRecipeAppTests */,
				F457D5562A7E7F9800FE2C88 /* AnimationRecipeAppUITests */,
				F457D53A2A7E7F9600FE2C88 /* Products */,
			);
			sourceTree = "<group>";
		};
		F457D53A2A7E7F9600FE2C88 /* Products */ = {
			isa = PBXGroup;
			children = (
				F457D5392A7E7F9600FE2C88 /* AnimationRecipeApp.app */,
				F457D5492A7E7F9800FE2C88 /* AnimationRecipeAppTests.xctest */,
				F457D5532A7E7F9800FE2C88 /* AnimationRecipeAppUITests.xctest */,
			);
			name = Products;
			sourceTree = "<group>";
		};
		F457D53B2A7E7F9600FE2C88 /* AnimationRecipeApp */ = {
			isa = PBXGroup;
			children = (
				F47FBFA72A8910FE00C650F2 /* Info.plist */,
				F457D53C2A7E7F9600FE2C88 /* AnimationRecipeApp.swift */,
				F461C7A52A83949C00267E9A /* Helpers */,
				F457D5752A7E7FAF00FE2C88 /* Views */,
				F457D56B2A7E7FAF00FE2C88 /* Components */,
				F457D56D2A7E7FAF00FE2C88 /* Model */,
				F44A1A182A7FB1B400795670 /* Networking */,
				F457D5722A7E7FAF00FE2C88 /* Navigation */,
				F457D5672A7E7FAF00FE2C88 /* Styles */,
				F457D5402A7E7F9800FE2C88 /* Assets.xcassets */,
				F457D5422A7E7F9800FE2C88 /* Preview Content */,
			);
			path = AnimationRecipeApp;
			sourceTree = "<group>";
		};
		F457D5422A7E7F9800FE2C88 /* Preview Content */ = {
			isa = PBXGroup;
			children = (
				F457D5432A7E7F9800FE2C88 /* Preview Assets.xcassets */,
			);
			path = "Preview Content";
			sourceTree = "<group>";
		};
		F457D54C2A7E7F9800FE2C88 /* AnimationRecipeAppTests */ = {
			isa = PBXGroup;
			children = (
				F457D54D2A7E7F9800FE2C88 /* AnimationRecipeAppTests.swift */,
			);
			path = AnimationRecipeAppTests;
			sourceTree = "<group>";
		};
		F457D5562A7E7F9800FE2C88 /* AnimationRecipeAppUITests */ = {
			isa = PBXGroup;
			children = (
				F457D5572A7E7F9800FE2C88 /* AnimationRecipeAppUITests.swift */,
				F457D5592A7E7F9800FE2C88 /* AnimationRecipeAppUITestsLaunchTests.swift */,
			);
			path = AnimationRecipeAppUITests;
			sourceTree = "<group>";
		};
		F457D5672A7E7FAF00FE2C88 /* Styles */ = {
			isa = PBXGroup;
			children = (
				F457D5682A7E7FAF00FE2C88 /* Styles.swift */,
				F457D5692A7E7FAF00FE2C88 /* Animations.swift */,
				F457D56A2A7E7FAF00FE2C88 /* AnimatableFontModifier.swift */,
			);
			path = Styles;
			sourceTree = "<group>";
		};
		F457D56B2A7E7FAF00FE2C88 /* Components */ = {
			isa = PBXGroup;
			children = (
				F4CFD5022A8CD90F00040C03 /* Tags */,
				F457D56C2A7E7FAF00FE2C88 /* RecipeItem.swift */,
				F44A1A1B2A7FD49700795670 /* LoadingView.swift */,
				F42684F52A811FB2000F4073 /* FavoriteEmptyView.swift */,
				F461C7AE2A83A2F800267E9A /* InputTF.swift */,
				F461C7B02A83A81800267E9A /* GradientButton.swift */,
				F461C7BC2A83C67300267E9A /* OTPVerificationTF.swift */,
				F475CC8D2A854D540021088A /* RecipeEmptyList.swift */,
				F47FBFA22A8803A300C650F2 /* ProfileImage.swift */,
			);
			path = Components;
			sourceTree = "<group>";
		};
		F457D56D2A7E7FAF00FE2C88 /* Model */ = {
			isa = PBXGroup;
			children = (
				F4BC8F4C2A815D15004B61B7 /* Observer */,
				F457D56E2A7E7FAF00FE2C88 /* Recipe.swift */,
				F457D5702A7E7FAF00FE2C88 /* PreferenceKeys.swift */,
				F457D5712A7E7FAF00FE2C88 /* Tab.swift */,
				F44A1A1D2A7FD7F300795670 /* FavoriteRecipes+Data.swift */,
				F47FBF9E2A87BC9700C650F2 /* User.swift */,
				F4CFD5072A8E558000040C03 /* Particle.swift */,
			);
			path = Model;
			sourceTree = "<group>";
		};
		F457D5722A7E7FAF00FE2C88 /* Navigation */ = {
			isa = PBXGroup;
			children = (
				F457D5732A7E7FAF00FE2C88 /* TabBar.swift */,
				F457D5742A7E7FAF00FE2C88 /* NavigationBar.swift */,
			);
			path = Navigation;
			sourceTree = "<group>";
		};
		F457D5752A7E7FAF00FE2C88 /* Views */ = {
			isa = PBXGroup;
			children = (
				F457D53E2A7E7F9600FE2C88 /* ContentView.swift */,
				F461C7A92A839F2300267E9A /* Onboarding */,
				F461C7A82A839EFC00267E9A /* LoggedIn */,
			);
			path = Views;
			sourceTree = "<group>";
		};
		F461C7A52A83949C00267E9A /* Helpers */ = {
			isa = PBXGroup;
			children = (
				F461C7A62A8394B200267E9A /* URLCache+Extension.swift */,
				F461C7AC2A83A00400267E9A /* View+Extension.swift */,
				F461C7BE2A83CD4B00267E9A /* Binding+Extension.swift */,
				F47FBFAA2A8A602300C650F2 /* String+Extension.swift */,
			);
			path = Helpers;
			sourceTree = "<group>";
		};
		F461C7A82A839EFC00267E9A /* LoggedIn */ = {
			isa = PBXGroup;
			children = (
				F461C7B22A83B3D500267E9A /* LoggedInView.swift */,
				F457D5762A7E7FAF00FE2C88 /* HomeView.swift */,
				F457D5782A7E7FAF00FE2C88 /* RecipeDetailsView.swift */,
				F42513772A7EA56F007ABE71 /* ProfileView.swift */,
				F47FBFA02A87BDB800C650F2 /* ProfileEditView.swift */,
			);
			path = LoggedIn;
			sourceTree = "<group>";
		};
		F461C7A92A839F2300267E9A /* Onboarding */ = {
			isa = PBXGroup;
			children = (
				F461C7AA2A839F4900267E9A /* LoginView.swift */,
				F461C7B42A83BC2300267E9A /* SignUpView.swift */,
				F461C7B62A83BF5000267E9A /* ForgotPasswordView.swift */,
				F461C7B82A83C3D700267E9A /* PasswordResetView.swift */,
				F461C7BA2A83C54B00267E9A /* OTPConfirmationView.swift */,
			);
			path = Onboarding;
			sourceTree = "<group>";
		};
		F4BC8F4C2A815D15004B61B7 /* Observer */ = {
			isa = PBXGroup;
			children = (
				F457D56F2A7E7FAF00FE2C88 /* ModelObserver.swift */,
				F42684F72A8158BC000F4073 /* RecipeObserver.swift */,
				F47FBFA82A8A5D6E00C650F2 /* UserObserver.swift */,
			);
			path = Observer;
			sourceTree = "<group>";
		};
		F4CFD5022A8CD90F00040C03 /* Tags */ = {
			isa = PBXGroup;
			children = (
				F4CFD5002A8CC8F100040C03 /* TagsView.swift */,
				F4CFD5032A8CD92800040C03 /* TagLayout.swift */,
				F4CFD5052A8CFFA600040C03 /* TagView.swift */,
			);
			path = Tags;
			sourceTree = "<group>";
		};
/* End PBXGroup section */

/* Begin PBXNativeTarget section */
		F457D5382A7E7F9600FE2C88 /* AnimationRecipeApp */ = {
			isa = PBXNativeTarget;
			buildConfigurationList = F457D55D2A7E7F9800FE2C88 /* Build configuration list for PBXNativeTarget "AnimationRecipeApp" */;
			buildPhases = (
				F457D5352A7E7F9600FE2C88 /* Sources */,
				F457D5362A7E7F9600FE2C88 /* Frameworks */,
				F457D5372A7E7F9600FE2C88 /* Resources */,
			);
			buildRules = (
			);
			dependencies = (
			);
			name = AnimationRecipeApp;
			packageProductDependencies = (
				F457D5882A7E802E00FE2C88 /* Alamofire */,
				F461C7A32A83945A00267E9A /* CachedAsyncImage */,
			);
			productName = AnimationRecipeApp;
			productReference = F457D5392A7E7F9600FE2C88 /* AnimationRecipeApp.app */;
			productType = "com.apple.product-type.application";
		};
		F457D5482A7E7F9800FE2C88 /* AnimationRecipeAppTests */ = {
			isa = PBXNativeTarget;
			buildConfigurationList = F457D5602A7E7F9800FE2C88 /* Build configuration list for PBXNativeTarget "AnimationRecipeAppTests" */;
			buildPhases = (
				F457D5452A7E7F9800FE2C88 /* Sources */,
				F457D5462A7E7F9800FE2C88 /* Frameworks */,
				F457D5472A7E7F9800FE2C88 /* Resources */,
			);
			buildRules = (
			);
			dependencies = (
				F457D54B2A7E7F9800FE2C88 /* PBXTargetDependency */,
			);
			name = AnimationRecipeAppTests;
			productName = AnimationRecipeAppTests;
			productReference = F457D5492A7E7F9800FE2C88 /* AnimationRecipeAppTests.xctest */;
			productType = "com.apple.product-type.bundle.unit-test";
		};
		F457D5522A7E7F9800FE2C88 /* AnimationRecipeAppUITests */ = {
			isa = PBXNativeTarget;
			buildConfigurationList = F457D5632A7E7F9800FE2C88 /* Build configuration list for PBXNativeTarget "AnimationRecipeAppUITests" */;
			buildPhases = (
				F457D54F2A7E7F9800FE2C88 /* Sources */,
				F457D5502A7E7F9800FE2C88 /* Frameworks */,
				F457D5512A7E7F9800FE2C88 /* Resources */,
			);
			buildRules = (
			);
			dependencies = (
				F457D5552A7E7F9800FE2C88 /* PBXTargetDependency */,
			);
			name = AnimationRecipeAppUITests;
			productName = AnimationRecipeAppUITests;
			productReference = F457D5532A7E7F9800FE2C88 /* AnimationRecipeAppUITests.xctest */;
			productType = "com.apple.product-type.bundle.ui-testing";
		};
/* End PBXNativeTarget section */

/* Begin PBXProject section */
		F457D5312A7E7F9600FE2C88 /* Project object */ = {
			isa = PBXProject;
			attributes = {
				BuildIndependentTargetsInParallel = 1;
				LastSwiftUpdateCheck = 1430;
				LastUpgradeCheck = 1500;
				TargetAttributes = {
					F457D5382A7E7F9600FE2C88 = {
						CreatedOnToolsVersion = 14.3.1;
					};
					F457D5482A7E7F9800FE2C88 = {
						CreatedOnToolsVersion = 14.3.1;
						TestTargetID = F457D5382A7E7F9600FE2C88;
					};
					F457D5522A7E7F9800FE2C88 = {
						CreatedOnToolsVersion = 14.3.1;
						TestTargetID = F457D5382A7E7F9600FE2C88;
					};
				};
			};
			buildConfigurationList = F457D5342A7E7F9600FE2C88 /* Build configuration list for PBXProject "AnimationRecipeApp" */;
			compatibilityVersion = "Xcode 14.0";
			developmentRegion = en;
			hasScannedForEncodings = 0;
			knownRegions = (
				en,
				Base,
			);
			mainGroup = F457D5302A7E7F9600FE2C88;
			packageReferences = (
				F457D5872A7E802E00FE2C88 /* XCRemoteSwiftPackageReference "Alamofire" */,
				F461C7A22A83945A00267E9A /* XCRemoteSwiftPackageReference "swiftui-cached-async-image" */,
				F4E91F1B2A83E3BF0068C6A0 /* XCRemoteSwiftPackageReference "swiftui-navigation-transitions" */,
			);
			productRefGroup = F457D53A2A7E7F9600FE2C88 /* Products */;
			projectDirPath = "";
			projectRoot = "";
			targets = (
				F457D5382A7E7F9600FE2C88 /* AnimationRecipeApp */,
				F457D5482A7E7F9800FE2C88 /* AnimationRecipeAppTests */,
				F457D5522A7E7F9800FE2C88 /* AnimationRecipeAppUITests */,
			);
		};
/* End PBXProject section */

/* Begin PBXResourcesBuildPhase section */
		F457D5372A7E7F9600FE2C88 /* Resources */ = {
			isa = PBXResourcesBuildPhase;
			buildActionMask = 2147483647;
			files = (
				F457D5442A7E7F9800FE2C88 /* Preview Assets.xcassets in Resources */,
				F457D5412A7E7F9800FE2C88 /* Assets.xcassets in Resources */,
				F4191CEC2A87B2AD003D2DE5 /* DEBUG-Keys.plist in Resources */,
				F4191CEE2A87B2BA003D2DE5 /* PROD-Keys.plist in Resources */,
			);
			runOnlyForDeploymentPostprocessing = 0;
		};
		F457D5472A7E7F9800FE2C88 /* Resources */ = {
			isa = PBXResourcesBuildPhase;
			buildActionMask = 2147483647;
			files = (
			);
			runOnlyForDeploymentPostprocessing = 0;
		};
		F457D5512A7E7F9800FE2C88 /* Resources */ = {
			isa = PBXResourcesBuildPhase;
			buildActionMask = 2147483647;
			files = (
			);
			runOnlyForDeploymentPostprocessing = 0;
		};
/* End PBXResourcesBuildPhase section */

/* Begin PBXSourcesBuildPhase section */
		F457D5352A7E7F9600FE2C88 /* Sources */ = {
			isa = PBXSourcesBuildPhase;
			buildActionMask = 2147483647;
			files = (
				F42684F62A811FB2000F4073 /* FavoriteEmptyView.swift in Sources */,
				F44A1A1A2A7FB1DE00795670 /* RecipeAPI.swift in Sources */,
				F457D57A2A7E7FAF00FE2C88 /* Styles.swift in Sources */,
				F42684F82A8158BC000F4073 /* RecipeObserver.swift in Sources */,
				F4CFD5082A8E558000040C03 /* Particle.swift in Sources */,
				F475CC8E2A854D540021088A /* RecipeEmptyList.swift in Sources */,
				F457D53F2A7E7F9600FE2C88 /* ContentView.swift in Sources */,
				F461C7AD2A83A00400267E9A /* View+Extension.swift in Sources */,
				F457D5842A7E7FAF00FE2C88 /* HomeView.swift in Sources */,
				F457D57E2A7E7FAF00FE2C88 /* Recipe.swift in Sources */,
				F457D57D2A7E7FAF00FE2C88 /* RecipeItem.swift in Sources */,
				F47FBFA12A87BDB800C650F2 /* ProfileEditView.swift in Sources */,
				F4CFD5062A8CFFA600040C03 /* TagView.swift in Sources */,
				F4CFD5012A8CC8F100040C03 /* TagsView.swift in Sources */,
				F461C7A72A8394B200267E9A /* URLCache+Extension.swift in Sources */,
				F4191CEA2A87B1B3003D2DE5 /* Environment.swift in Sources */,
				F461C7AB2A839F4900267E9A /* LoginView.swift in Sources */,
				F47FBF9F2A87BC9700C650F2 /* User.swift in Sources */,
				F461C7B72A83BF5000267E9A /* ForgotPasswordView.swift in Sources */,
				F461C7B32A83B3D500267E9A /* LoggedInView.swift in Sources */,
				F44A1A1E2A7FD7F300795670 /* FavoriteRecipes+Data.swift in Sources */,
				F457D5802A7E7FAF00FE2C88 /* PreferenceKeys.swift in Sources */,
				F47FBFAB2A8A602300C650F2 /* String+Extension.swift in Sources */,
				F461C7BB2A83C54B00267E9A /* OTPConfirmationView.swift in Sources */,
				F457D5862A7E7FAF00FE2C88 /* RecipeDetailsView.swift in Sources */,
				F461C7B92A83C3D700267E9A /* PasswordResetView.swift in Sources */,
				F42513782A7EA56F007ABE71 /* ProfileView.swift in Sources */,
				F461C7B52A83BC2300267E9A /* SignUpView.swift in Sources */,
				F461C7B12A83A81800267E9A /* GradientButton.swift in Sources */,
				F461C7BF2A83CD4B00267E9A /* Binding+Extension.swift in Sources */,
				F4CFD5042A8CD92800040C03 /* TagLayout.swift in Sources */,
				F461C7BD2A83C67300267E9A /* OTPVerificationTF.swift in Sources */,
				F457D57B2A7E7FAF00FE2C88 /* Animations.swift in Sources */,
				F457D57C2A7E7FAF00FE2C88 /* AnimatableFontModifier.swift in Sources */,
				F457D5812A7E7FAF00FE2C88 /* Tab.swift in Sources */,
				F461C7AF2A83A2F800267E9A /* InputTF.swift in Sources */,
				F457D5822A7E7FAF00FE2C88 /* TabBar.swift in Sources */,
				F47FBFA92A8A5D6E00C650F2 /* UserObserver.swift in Sources */,
				F457D53D2A7E7F9600FE2C88 /* AnimationRecipeApp.swift in Sources */,
				F457D57F2A7E7FAF00FE2C88 /* ModelObserver.swift in Sources */,
				F457D5832A7E7FAF00FE2C88 /* NavigationBar.swift in Sources */,
				F44A1A1C2A7FD49700795670 /* LoadingView.swift in Sources */,
				F47FBFA32A8803A300C650F2 /* ProfileImage.swift in Sources */,
			);
			runOnlyForDeploymentPostprocessing = 0;
		};
		F457D5452A7E7F9800FE2C88 /* Sources */ = {
			isa = PBXSourcesBuildPhase;
			buildActionMask = 2147483647;
			files = (
				F457D54E2A7E7F9800FE2C88 /* AnimationRecipeAppTests.swift in Sources */,
			);
			runOnlyForDeploymentPostprocessing = 0;
		};
		F457D54F2A7E7F9800FE2C88 /* Sources */ = {
			isa = PBXSourcesBuildPhase;
			buildActionMask = 2147483647;
			files = (
				F457D5582A7E7F9800FE2C88 /* AnimationRecipeAppUITests.swift in Sources */,
				F457D55A2A7E7F9800FE2C88 /* AnimationRecipeAppUITestsLaunchTests.swift in Sources */,
			);
			runOnlyForDeploymentPostprocessing = 0;
		};
/* End PBXSourcesBuildPhase section */

/* Begin PBXTargetDependency section */
		F457D54B2A7E7F9800FE2C88 /* PBXTargetDependency */ = {
			isa = PBXTargetDependency;
			target = F457D5382A7E7F9600FE2C88 /* AnimationRecipeApp */;
			targetProxy = F457D54A2A7E7F9800FE2C88 /* PBXContainerItemProxy */;
		};
		F457D5552A7E7F9800FE2C88 /* PBXTargetDependency */ = {
			isa = PBXTargetDependency;
			target = F457D5382A7E7F9600FE2C88 /* AnimationRecipeApp */;
			targetProxy = F457D5542A7E7F9800FE2C88 /* PBXContainerItemProxy */;
		};
/* End PBXTargetDependency section */

/* Begin XCBuildConfiguration section */
		F457D55B2A7E7F9800FE2C88 /* Debug */ = {
			isa = XCBuildConfiguration;
			buildSettings = {
				ALWAYS_SEARCH_USER_PATHS = NO;
				ASSETCATALOG_COMPILER_GENERATE_SWIFT_ASSET_SYMBOL_EXTENSIONS = YES;
				CLANG_ANALYZER_NONNULL = YES;
				CLANG_ANALYZER_NUMBER_OBJECT_CONVERSION = YES_AGGRESSIVE;
				CLANG_CXX_LANGUAGE_STANDARD = "gnu++20";
				CLANG_ENABLE_MODULES = YES;
				CLANG_ENABLE_OBJC_ARC = YES;
				CLANG_ENABLE_OBJC_WEAK = YES;
				CLANG_WARN_BLOCK_CAPTURE_AUTORELEASING = YES;
				CLANG_WARN_BOOL_CONVERSION = YES;
				CLANG_WARN_COMMA = YES;
				CLANG_WARN_CONSTANT_CONVERSION = YES;
				CLANG_WARN_DEPRECATED_OBJC_IMPLEMENTATIONS = YES;
				CLANG_WARN_DIRECT_OBJC_ISA_USAGE = YES_ERROR;
				CLANG_WARN_DOCUMENTATION_COMMENTS = YES;
				CLANG_WARN_EMPTY_BODY = YES;
				CLANG_WARN_ENUM_CONVERSION = YES;
				CLANG_WARN_INFINITE_RECURSION = YES;
				CLANG_WARN_INT_CONVERSION = YES;
				CLANG_WARN_NON_LITERAL_NULL_CONVERSION = YES;
				CLANG_WARN_OBJC_IMPLICIT_RETAIN_SELF = YES;
				CLANG_WARN_OBJC_LITERAL_CONVERSION = YES;
				CLANG_WARN_OBJC_ROOT_CLASS = YES_ERROR;
				CLANG_WARN_QUOTED_INCLUDE_IN_FRAMEWORK_HEADER = YES;
				CLANG_WARN_RANGE_LOOP_ANALYSIS = YES;
				CLANG_WARN_STRICT_PROTOTYPES = YES;
				CLANG_WARN_SUSPICIOUS_MOVE = YES;
				CLANG_WARN_UNGUARDED_AVAILABILITY = YES_AGGRESSIVE;
				CLANG_WARN_UNREACHABLE_CODE = YES;
				CLANG_WARN__DUPLICATE_METHOD_MATCH = YES;
				COPY_PHASE_STRIP = NO;
				DEBUG_INFORMATION_FORMAT = dwarf;
				ENABLE_STRICT_OBJC_MSGSEND = YES;
				ENABLE_TESTABILITY = YES;
				ENABLE_USER_SCRIPT_SANDBOXING = YES;
				GCC_C_LANGUAGE_STANDARD = gnu11;
				GCC_DYNAMIC_NO_PIC = NO;
				GCC_NO_COMMON_BLOCKS = YES;
				GCC_OPTIMIZATION_LEVEL = 0;
				GCC_PREPROCESSOR_DEFINITIONS = (
					"DEBUG=1",
					"$(inherited)",
				);
				GCC_WARN_64_TO_32_BIT_CONVERSION = YES;
				GCC_WARN_ABOUT_RETURN_TYPE = YES_ERROR;
				GCC_WARN_UNDECLARED_SELECTOR = YES;
				GCC_WARN_UNINITIALIZED_AUTOS = YES_AGGRESSIVE;
				GCC_WARN_UNUSED_FUNCTION = YES;
				GCC_WARN_UNUSED_VARIABLE = YES;
				IPHONEOS_DEPLOYMENT_TARGET = 16.4;
				MTL_ENABLE_DEBUG_INFO = INCLUDE_SOURCE;
				MTL_FAST_MATH = YES;
				ONLY_ACTIVE_ARCH = YES;
				SDKROOT = iphoneos;
				SWIFT_ACTIVE_COMPILATION_CONDITIONS = DEBUG;
				SWIFT_OPTIMIZATION_LEVEL = "-Onone";
			};
			name = Debug;
		};
		F457D55C2A7E7F9800FE2C88 /* Release */ = {
			isa = XCBuildConfiguration;
			buildSettings = {
				ALWAYS_SEARCH_USER_PATHS = NO;
				ASSETCATALOG_COMPILER_GENERATE_SWIFT_ASSET_SYMBOL_EXTENSIONS = YES;
				CLANG_ANALYZER_NONNULL = YES;
				CLANG_ANALYZER_NUMBER_OBJECT_CONVERSION = YES_AGGRESSIVE;
				CLANG_CXX_LANGUAGE_STANDARD = "gnu++20";
				CLANG_ENABLE_MODULES = YES;
				CLANG_ENABLE_OBJC_ARC = YES;
				CLANG_ENABLE_OBJC_WEAK = YES;
				CLANG_WARN_BLOCK_CAPTURE_AUTORELEASING = YES;
				CLANG_WARN_BOOL_CONVERSION = YES;
				CLANG_WARN_COMMA = YES;
				CLANG_WARN_CONSTANT_CONVERSION = YES;
				CLANG_WARN_DEPRECATED_OBJC_IMPLEMENTATIONS = YES;
				CLANG_WARN_DIRECT_OBJC_ISA_USAGE = YES_ERROR;
				CLANG_WARN_DOCUMENTATION_COMMENTS = YES;
				CLANG_WARN_EMPTY_BODY = YES;
				CLANG_WARN_ENUM_CONVERSION = YES;
				CLANG_WARN_INFINITE_RECURSION = YES;
				CLANG_WARN_INT_CONVERSION = YES;
				CLANG_WARN_NON_LITERAL_NULL_CONVERSION = YES;
				CLANG_WARN_OBJC_IMPLICIT_RETAIN_SELF = YES;
				CLANG_WARN_OBJC_LITERAL_CONVERSION = YES;
				CLANG_WARN_OBJC_ROOT_CLASS = YES_ERROR;
				CLANG_WARN_QUOTED_INCLUDE_IN_FRAMEWORK_HEADER = YES;
				CLANG_WARN_RANGE_LOOP_ANALYSIS = YES;
				CLANG_WARN_STRICT_PROTOTYPES = YES;
				CLANG_WARN_SUSPICIOUS_MOVE = YES;
				CLANG_WARN_UNGUARDED_AVAILABILITY = YES_AGGRESSIVE;
				CLANG_WARN_UNREACHABLE_CODE = YES;
				CLANG_WARN__DUPLICATE_METHOD_MATCH = YES;
				COPY_PHASE_STRIP = NO;
				DEBUG_INFORMATION_FORMAT = "dwarf-with-dsym";
				ENABLE_NS_ASSERTIONS = NO;
				ENABLE_STRICT_OBJC_MSGSEND = YES;
				ENABLE_USER_SCRIPT_SANDBOXING = YES;
				GCC_C_LANGUAGE_STANDARD = gnu11;
				GCC_NO_COMMON_BLOCKS = YES;
				GCC_WARN_64_TO_32_BIT_CONVERSION = YES;
				GCC_WARN_ABOUT_RETURN_TYPE = YES_ERROR;
				GCC_WARN_UNDECLARED_SELECTOR = YES;
				GCC_WARN_UNINITIALIZED_AUTOS = YES_AGGRESSIVE;
				GCC_WARN_UNUSED_FUNCTION = YES;
				GCC_WARN_UNUSED_VARIABLE = YES;
				IPHONEOS_DEPLOYMENT_TARGET = 16.4;
				MTL_ENABLE_DEBUG_INFO = NO;
				MTL_FAST_MATH = YES;
				SDKROOT = iphoneos;
				SWIFT_COMPILATION_MODE = wholemodule;
				SWIFT_OPTIMIZATION_LEVEL = "-O";
				VALIDATE_PRODUCT = YES;
			};
			name = Release;
		};
		F457D55E2A7E7F9800FE2C88 /* Debug */ = {
			isa = XCBuildConfiguration;
			buildSettings = {
				ASSETCATALOG_COMPILER_APPICON_NAME = AppIcon;
				ASSETCATALOG_COMPILER_GLOBAL_ACCENT_COLOR_NAME = AccentColor;
				CODE_SIGN_STYLE = Automatic;
				CURRENT_PROJECT_VERSION = 1;
				DEVELOPMENT_ASSET_PATHS = "\"AnimationRecipeApp/Preview Content\"";
				DEVELOPMENT_TEAM = R29K2K8FTN;
				ENABLE_PREVIEWS = YES;
				GENERATE_INFOPLIST_FILE = YES;
				INFOPLIST_FILE = AnimationRecipeApp/Info.plist;
				INFOPLIST_KEY_UIApplicationSceneManifest_Generation = YES;
				INFOPLIST_KEY_UIApplicationSupportsIndirectInputEvents = YES;
				INFOPLIST_KEY_UISupportedInterfaceOrientations_iPad = "UIInterfaceOrientationPortrait UIInterfaceOrientationPortraitUpsideDown UIInterfaceOrientationLandscapeLeft UIInterfaceOrientationLandscapeRight";
				INFOPLIST_KEY_UISupportedInterfaceOrientations_iPhone = "UIInterfaceOrientationPortrait UIInterfaceOrientationLandscapeLeft UIInterfaceOrientationLandscapeRight";
				IPHONEOS_DEPLOYMENT_TARGET = 17.0;
				LD_RUNPATH_SEARCH_PATHS = (
					"$(inherited)",
					"@executable_path/Frameworks",
				);
				MARKETING_VERSION = 1.0;
				PRODUCT_BUNDLE_IDENTIFIER = recipeapp.AnimationRecipeApp;
				PRODUCT_NAME = "$(TARGET_NAME)";
				SWIFT_EMIT_LOC_STRINGS = YES;
				SWIFT_VERSION = 5.0;
				TARGETED_DEVICE_FAMILY = "1,2";
			};
			name = Debug;
		};
		F457D55F2A7E7F9800FE2C88 /* Release */ = {
			isa = XCBuildConfiguration;
			buildSettings = {
				ASSETCATALOG_COMPILER_APPICON_NAME = AppIcon;
				ASSETCATALOG_COMPILER_GLOBAL_ACCENT_COLOR_NAME = AccentColor;
				CODE_SIGN_STYLE = Automatic;
				CURRENT_PROJECT_VERSION = 1;
				DEVELOPMENT_ASSET_PATHS = "\"AnimationRecipeApp/Preview Content\"";
				DEVELOPMENT_TEAM = R29K2K8FTN;
				ENABLE_PREVIEWS = YES;
				GENERATE_INFOPLIST_FILE = YES;
				INFOPLIST_FILE = AnimationRecipeApp/Info.plist;
				INFOPLIST_KEY_UIApplicationSceneManifest_Generation = YES;
				INFOPLIST_KEY_UIApplicationSupportsIndirectInputEvents = YES;
				INFOPLIST_KEY_UISupportedInterfaceOrientations_iPad = "UIInterfaceOrientationPortrait UIInterfaceOrientationPortraitUpsideDown UIInterfaceOrientationLandscapeLeft UIInterfaceOrientationLandscapeRight";
				INFOPLIST_KEY_UISupportedInterfaceOrientations_iPhone = "UIInterfaceOrientationPortrait UIInterfaceOrientationLandscapeLeft UIInterfaceOrientationLandscapeRight";
				IPHONEOS_DEPLOYMENT_TARGET = 17.0;
				LD_RUNPATH_SEARCH_PATHS = (
					"$(inherited)",
					"@executable_path/Frameworks",
				);
				MARKETING_VERSION = 1.0;
				PRODUCT_BUNDLE_IDENTIFIER = recipeapp.AnimationRecipeApp;
				PRODUCT_NAME = "$(TARGET_NAME)";
				SWIFT_EMIT_LOC_STRINGS = YES;
				SWIFT_VERSION = 5.0;
				TARGETED_DEVICE_FAMILY = "1,2";
			};
			name = Release;
		};
		F457D5612A7E7F9800FE2C88 /* Debug */ = {
			isa = XCBuildConfiguration;
			buildSettings = {
				ALWAYS_EMBED_SWIFT_STANDARD_LIBRARIES = YES;
				BUNDLE_LOADER = "$(TEST_HOST)";
				CODE_SIGN_STYLE = Automatic;
				CURRENT_PROJECT_VERSION = 1;
				GENERATE_INFOPLIST_FILE = YES;
				IPHONEOS_DEPLOYMENT_TARGET = 16.4;
				MARKETING_VERSION = 1.0;
				PRODUCT_BUNDLE_IDENTIFIER = recipeapp.AnimationRecipeAppTests;
				PRODUCT_NAME = "$(TARGET_NAME)";
				SWIFT_EMIT_LOC_STRINGS = NO;
				SWIFT_VERSION = 5.0;
				TARGETED_DEVICE_FAMILY = "1,2";
				TEST_HOST = "$(BUILT_PRODUCTS_DIR)/AnimationRecipeApp.app/$(BUNDLE_EXECUTABLE_FOLDER_PATH)/AnimationRecipeApp";
			};
			name = Debug;
		};
		F457D5622A7E7F9800FE2C88 /* Release */ = {
			isa = XCBuildConfiguration;
			buildSettings = {
				ALWAYS_EMBED_SWIFT_STANDARD_LIBRARIES = YES;
				BUNDLE_LOADER = "$(TEST_HOST)";
				CODE_SIGN_STYLE = Automatic;
				CURRENT_PROJECT_VERSION = 1;
				GENERATE_INFOPLIST_FILE = YES;
				IPHONEOS_DEPLOYMENT_TARGET = 16.4;
				MARKETING_VERSION = 1.0;
				PRODUCT_BUNDLE_IDENTIFIER = recipeapp.AnimationRecipeAppTests;
				PRODUCT_NAME = "$(TARGET_NAME)";
				SWIFT_EMIT_LOC_STRINGS = NO;
				SWIFT_VERSION = 5.0;
				TARGETED_DEVICE_FAMILY = "1,2";
				TEST_HOST = "$(BUILT_PRODUCTS_DIR)/AnimationRecipeApp.app/$(BUNDLE_EXECUTABLE_FOLDER_PATH)/AnimationRecipeApp";
			};
			name = Release;
		};
		F457D5642A7E7F9800FE2C88 /* Debug */ = {
			isa = XCBuildConfiguration;
			buildSettings = {
				ALWAYS_EMBED_SWIFT_STANDARD_LIBRARIES = YES;
				CODE_SIGN_STYLE = Automatic;
				CURRENT_PROJECT_VERSION = 1;
				GENERATE_INFOPLIST_FILE = YES;
				MARKETING_VERSION = 1.0;
				PRODUCT_BUNDLE_IDENTIFIER = recipeapp.AnimationRecipeAppUITests;
				PRODUCT_NAME = "$(TARGET_NAME)";
				SWIFT_EMIT_LOC_STRINGS = NO;
				SWIFT_VERSION = 5.0;
				TARGETED_DEVICE_FAMILY = "1,2";
				TEST_TARGET_NAME = AnimationRecipeApp;
			};
			name = Debug;
		};
		F457D5652A7E7F9800FE2C88 /* Release */ = {
			isa = XCBuildConfiguration;
			buildSettings = {
				ALWAYS_EMBED_SWIFT_STANDARD_LIBRARIES = YES;
				CODE_SIGN_STYLE = Automatic;
				CURRENT_PROJECT_VERSION = 1;
				GENERATE_INFOPLIST_FILE = YES;
				MARKETING_VERSION = 1.0;
				PRODUCT_BUNDLE_IDENTIFIER = recipeapp.AnimationRecipeAppUITests;
				PRODUCT_NAME = "$(TARGET_NAME)";
				SWIFT_EMIT_LOC_STRINGS = NO;
				SWIFT_VERSION = 5.0;
				TARGETED_DEVICE_FAMILY = "1,2";
				TEST_TARGET_NAME = AnimationRecipeApp;
			};
			name = Release;
		};
/* End XCBuildConfiguration section */

/* Begin XCConfigurationList section */
		F457D5342A7E7F9600FE2C88 /* Build configuration list for PBXProject "AnimationRecipeApp" */ = {
			isa = XCConfigurationList;
			buildConfigurations = (
				F457D55B2A7E7F9800FE2C88 /* Debug */,
				F457D55C2A7E7F9800FE2C88 /* Release */,
			);
			defaultConfigurationIsVisible = 0;
			defaultConfigurationName = Release;
		};
		F457D55D2A7E7F9800FE2C88 /* Build configuration list for PBXNativeTarget "AnimationRecipeApp" */ = {
			isa = XCConfigurationList;
			buildConfigurations = (
				F457D55E2A7E7F9800FE2C88 /* Debug */,
				F457D55F2A7E7F9800FE2C88 /* Release */,
			);
			defaultConfigurationIsVisible = 0;
			defaultConfigurationName = Release;
		};
		F457D5602A7E7F9800FE2C88 /* Build configuration list for PBXNativeTarget "AnimationRecipeAppTests" */ = {
			isa = XCConfigurationList;
			buildConfigurations = (
				F457D5612A7E7F9800FE2C88 /* Debug */,
				F457D5622A7E7F9800FE2C88 /* Release */,
			);
			defaultConfigurationIsVisible = 0;
			defaultConfigurationName = Release;
		};
		F457D5632A7E7F9800FE2C88 /* Build configuration list for PBXNativeTarget "AnimationRecipeAppUITests" */ = {
			isa = XCConfigurationList;
			buildConfigurations = (
				F457D5642A7E7F9800FE2C88 /* Debug */,
				F457D5652A7E7F9800FE2C88 /* Release */,
			);
			defaultConfigurationIsVisible = 0;
			defaultConfigurationName = Release;
		};
/* End XCConfigurationList section */

/* Begin XCRemoteSwiftPackageReference section */
		F457D5872A7E802E00FE2C88 /* XCRemoteSwiftPackageReference "Alamofire" */ = {
			isa = XCRemoteSwiftPackageReference;
			repositoryURL = "https://github.com/Alamofire/Alamofire.git";
			requirement = {
				kind = upToNextMajorVersion;
				minimumVersion = 5.0.0;
			};
		};
		F461C7A22A83945A00267E9A /* XCRemoteSwiftPackageReference "swiftui-cached-async-image" */ = {
			isa = XCRemoteSwiftPackageReference;
			repositoryURL = "https://github.com/lorenzofiamingo/swiftui-cached-async-image";
			requirement = {
				kind = upToNextMajorVersion;
				minimumVersion = 2.1.1;
			};
		};
		F4E91F1B2A83E3BF0068C6A0 /* XCRemoteSwiftPackageReference "swiftui-navigation-transitions" */ = {
			isa = XCRemoteSwiftPackageReference;
			repositoryURL = "https://github.com/davdroman/swiftui-navigation-transitions";
			requirement = {
				kind = upToNextMajorVersion;
				minimumVersion = 0.10.1;
			};
		};
/* End XCRemoteSwiftPackageReference section */

/* Begin XCSwiftPackageProductDependency section */
		F457D5882A7E802E00FE2C88 /* Alamofire */ = {
			isa = XCSwiftPackageProductDependency;
			package = F457D5872A7E802E00FE2C88 /* XCRemoteSwiftPackageReference "Alamofire" */;
			productName = Alamofire;
		};
		F461C7A32A83945A00267E9A /* CachedAsyncImage */ = {
			isa = XCSwiftPackageProductDependency;
			package = F461C7A22A83945A00267E9A /* XCRemoteSwiftPackageReference "swiftui-cached-async-image" */;
			productName = CachedAsyncImage;
		};
/* End XCSwiftPackageProductDependency section */
	};
	rootObject = F457D5312A7E7F9600FE2C88 /* Project object */;
}
